
Microsoft Visual Studio Solution File, Format Version 12.00
# Visual Studio Version 17
VisualStudioVersion = 17.13.35931.197 d17.13
MinimumVisualStudioVersion = 10.0.40219.1
Project("{FAE04EC0-301F-11D3-BF4B-00C04F79EFBC}") = "OverlayIconWatcher", "OverlayIconWatcher.csproj", "{F5161CB2-5832-4079-BDCD-6C6A7BA1FFEA}"
EndProject
Global
	GlobalSection(SolutionConfigurationPlatforms) = preSolution
		Debug|Any CPU = Debug|Any CPU
		Release|Any CPU = Release|Any CPU
	EndGlobalSection
	GlobalSection(ProjectConfigurationPlatforms) = postSolution
		{F5161CB2-5832-4079-BDCD-6C6A7BA1FFEA}.Debug|Any CPU.ActiveCfg = Debug|Any CPU
		{F5161CB2-5832-4079-BDCD-6C6A7BA1FFEA}.Debug|Any CPU.Build.0 = Debug|Any CPU
		{F5161CB2-5832-4079-BDCD-6C6A7BA1FFEA}.Release|Any CPU.ActiveCfg = Release|Any CPU
		{F5161CB2-5832-4079-BDCD-6C6A7BA1FFEA}.Release|Any CPU.Build.0 = Release|Any CPU
	EndGlobalSection
	GlobalSection(SolutionProperties) = preSolution
		HideSolutionNode = FALSE
	EndGlobalSection
	GlobalSection(ExtensibilityGlobals) = postSolution
		SolutionGuid = {E6339F6E-39BE-4151-A0D2-9D2D8433426B}
	EndGlobalSection
EndGlobal
